<Solution>
  <Folder Name="/SolutionFolder/">
    <File Path="docker-compose.yml" />
  </Folder>
  <Project Path="PaymentsServiceForModulbank.API/PaymentsServiceForModulbank.API.csproj" />
  <Project Path="PaymentsServiceForModulebank.Core/PaymentsServiceForModulebank.Core.csproj" Id="9a542d77-674a-4cd2-bc8f-24ed29e79112" />
  <Project Path="PaymentsServiceForModulebank.Sqlite/PaymentsServiceForModulebank.Sqlite.csproj" Id="4a40f811-9c58-4b32-a154-7d1741db0ce5" />
</Solution>
